
Microsoft Visual Studio Solution File, Format Version 12.00
# Visual Studio Version 16
VisualStudioVersion = 16.0.31729.503
MinimumVisualStudioVersion = 10.0.40219.1
Project("{FAE04EC0-301F-11D3-BF4B-00C04F79EFBC}") = "ExcelReport1", "ExcelReport1\ExcelReport1.csproj", "{93D360D1-DED8-468A-BA41-8553AD4F19C7}"
EndProject
Project("{FAE04EC0-301F-11D3-BF4B-00C04F79EFBC}") = "ExcelReport2", "ExcelReport2\ExcelReport2.csproj", "{799A20D1-5E13-4E2E-ADCD-1B403495CDE4}"
EndProject
Global
	GlobalSection(SolutionConfigurationPlatforms) = preSolution
		Debug|Any CPU = Debug|Any CPU
		Release|Any CPU = Release|Any CPU
	EndGlobalSection
	GlobalSection(ProjectConfigurationPlatforms) = postSolution
		{93D360D1-DED8-468A-BA41-8553AD4F19C7}.Debug|Any CPU.ActiveCfg = Debug|Any CPU
		{93D360D1-DED8-468A-BA41-8553AD4F19C7}.Debug|Any CPU.Build.0 = Debug|Any CPU
		{93D360D1-DED8-468A-BA41-8553AD4F19C7}.Release|Any CPU.ActiveCfg = Release|Any CPU
		{93D360D1-DED8-468A-BA41-8553AD4F19C7}.Release|Any CPU.Build.0 = Release|Any CPU
		{799A20D1-5E13-4E2E-ADCD-1B403495CDE4}.Debug|Any CPU.ActiveCfg = Debug|Any CPU
		{799A20D1-5E13-4E2E-ADCD-1B403495CDE4}.Debug|Any CPU.Build.0 = Debug|Any CPU
		{799A20D1-5E13-4E2E-ADCD-1B403495CDE4}.Release|Any CPU.ActiveCfg = Release|Any CPU
		{799A20D1-5E13-4E2E-ADCD-1B403495CDE4}.Release|Any CPU.Build.0 = Release|Any CPU
	EndGlobalSection
	GlobalSection(SolutionProperties) = preSolution
		HideSolutionNode = FALSE
	EndGlobalSection
	GlobalSection(ExtensibilityGlobals) = postSolution
		SolutionGuid = {4F0DF80F-AF1B-4655-8950-B1791B4428BE}
	EndGlobalSection
EndGlobal
